PODS:
  - Flutter (1.0.0)
  - notificare (3.0.0-alpha.1):
    - Flutter
    - Notificare/NotificareKit (= 3.0.0-alpha.1)
  - Notificare/NotificareKit (3.0.0-alpha.1)
  - Notificare/NotificarePushKit (3.0.0-alpha.1)
  - Notificare/NotificarePushUIKit (3.0.0-alpha.1)
  - notificare_push (3.0.0-alpha.1):
    - Flutter
    - Notificare/NotificarePushKit (= 3.0.0-alpha.1)
  - notificare_push_ui (3.0.0-alpha.1):
    - Flutter
    - Notificare/NotificarePushUIKit (= 3.0.0-alpha.1)

DEPENDENCIES:
  - Flutter (from `Flutter`)
  - notificare (from `.symlinks/plugins/notificare/ios`)
  - "Notificare/NotificareKit (from `git@github.com:Notificare/notificare-sdk-ios.git`, branch `develop`)"
  - "Notificare/NotificarePushKit (from `git@github.com:Notificare/notificare-sdk-ios.git`, branch `develop`)"
  - "Notificare/NotificarePushUIKit (from `git@github.com:Notificare/notificare-sdk-ios.git`, branch `develop`)"
  - notificare_push (from `.symlinks/plugins/notificare_push/ios`)
  - notificare_push_ui (from `.symlinks/plugins/notificare_push_ui/ios`)

EXTERNAL SOURCES:
  Flutter:
    :path: Flutter
  Notificare:
    :branch: develop
    :git: "git@github.com:Notificare/notificare-sdk-ios.git"
  notificare:
    :path: ".symlinks/plugins/notificare/ios"
  notificare_push:
    :path: ".symlinks/plugins/notificare_push/ios"
  notificare_push_ui:
    :path: ".symlinks/plugins/notificare_push_ui/ios"

CHECKOUT OPTIONS:
  Notificare:
    :commit: 3f27d9e375e4ace9102cf84ce555ba671b371e8a
    :git: "git@github.com:Notificare/notificare-sdk-ios.git"

SPEC CHECKSUMS:
  Flutter: 434fef37c0980e73bb6479ef766c45957d4b510c
  Notificare: 76e14b15d82fa2674061242bb62e4106b5e4373c
  notificare: 76e14b15d82fa2674061242bb62e4106b5e4373c
  notificare_push: 4afafe50c6c0e4c92d4397ea573e31b7c5e599c7
  notificare_push_ui: fc13c2eab788e49da90399e21552b7083a73fc69

PODFILE CHECKSUM: a76f7acd6eb3894069ec19a90e37f15cf4db02e9

COCOAPODS: 1.10.1
