PODS:
  - Flutter (1.0.0)
  - notificare (3.0.0-alpha.1):
    - Flutter
    - Notificare/NotificareKit (= 3.0.0-alpha.1)
  - Notificare/NotificareKit (3.0.0-alpha.1)

DEPENDENCIES:
  - Flutter (from `Flutter`)
  - notificare (from `.symlinks/plugins/notificare/ios`)
  - "Notificare/NotificareKit (from `git@github.com:Notificare/notificare-sdk-ios.git`, branch `develop`)"

EXTERNAL SOURCES:
  Flutter:
    :path: Flutter
  Notificare:
    :branch: develop
    :git: "git@github.com:Notificare/notificare-sdk-ios.git"
  notificare:
    :path: ".symlinks/plugins/notificare/ios"

CHECKOUT OPTIONS:
  Notificare:
    :commit: 689fa40b166f7fc957cf270aca0f42dd20c92827
    :git: "git@github.com:Notificare/notificare-sdk-ios.git"

SPEC CHECKSUMS:
  Flutter: 434fef37c0980e73bb6479ef766c45957d4b510c
  Notificare: 76e14b15d82fa2674061242bb62e4106b5e4373c
  notificare: 76e14b15d82fa2674061242bb62e4106b5e4373c

PODFILE CHECKSUM: 131a07b4286a5fbdbd0e9690d792897b7bc2e198

COCOAPODS: 1.10.1
