PODS:
  - Flutter (1.0.0)
  - notificare (3.0.0-alpha.1):
    - Flutter
    - Notificare/NotificareKit (= 3.0.0-alpha.1)
  - Notificare/NotificareKit (3.0.0-alpha.1)

DEPENDENCIES:
  - Flutter (from `Flutter`)
  - notificare (from `.symlinks/plugins/notificare/ios`)

SPEC REPOS:
  trunk:
    - Notificare

EXTERNAL SOURCES:
  Flutter:
    :path: Flutter
  notificare:
    :path: ".symlinks/plugins/notificare/ios"

SPEC CHECKSUMS:
  Flutter: 434fef37c0980e73bb6479ef766c45957d4b510c
  Notificare: fdfa61a897596e7770ca6e420c4f03983d1e36c8
  notificare: 76e14b15d82fa2674061242bb62e4106b5e4373c

PODFILE CHECKSUM: aafe91acc616949ddb318b77800a7f51bffa2a4c

COCOAPODS: 1.10.1
