PODS:
  - Flutter (1.0.0)
  - notificare (3.0.0):
    - Flutter
    - Notificare/NotificareKit (= 3.0.0-alpha.1)
  - Notificare/NotificareKit (3.0.0-alpha.1)

DEPENDENCIES:
  - Flutter (from `Flutter`)
  - notificare (from `.symlinks/plugins/notificare/ios`)
  - "Notificare/NotificareKit (from `git@github.com:Notificare/notificare-sdk-ios.git`, branch `develop`)"

EXTERNAL SOURCES:
  Flutter:
    :path: Flutter
  Notificare:
    :branch: develop
    :git: "git@github.com:Notificare/notificare-sdk-ios.git"
  notificare:
    :path: ".symlinks/plugins/notificare/ios"

CHECKOUT OPTIONS:
  Notificare:
    :commit: 67197c72941818a95baaf1738ca5087107910202
    :git: "git@github.com:Notificare/notificare-sdk-ios.git"

SPEC CHECKSUMS:
  Flutter: 434fef37c0980e73bb6479ef766c45957d4b510c
  Notificare: 1546ed57c50743b3c2a1833dc850902cfd5f0bab
  notificare: 1546ed57c50743b3c2a1833dc850902cfd5f0bab

PODFILE CHECKSUM: 131a07b4286a5fbdbd0e9690d792897b7bc2e198

COCOAPODS: 1.10.1
