PODS:
  - Flutter (1.0.0)
  - notificare (3.0.0):
    - Flutter
    - Notificare/NotificareKit (= 3.0.1)
  - Notificare/NotificareAssetsKit (3.0.1)
  - Notificare/NotificareAuthenticationKit (3.0.1)
  - Notificare/NotificareGeoKit (3.0.1)
  - Notificare/NotificareInboxKit (3.0.1)
  - Notificare/NotificareKit (3.0.1)
  - Notificare/NotificareLoyaltyKit (3.0.1)
  - Notificare/NotificarePushKit (3.0.1)
  - Notificare/NotificarePushUIKit (3.0.1)
  - Notificare/NotificareScannablesKit (3.0.1)
  - notificare_assets (3.0.0):
    - Flutter
    - Notificare/NotificareAssetsKit (= 3.0.1)
    - Notificare/NotificareKit (= 3.0.1)
  - notificare_authentication (3.0.0):
    - Flutter
    - Notificare/NotificareAuthenticationKit (= 3.0.1)
    - Notificare/NotificareKit (= 3.0.1)
  - notificare_geo (3.0.0):
    - Flutter
    - Notificare/NotificareGeoKit (= 3.0.1)
    - Notificare/NotificareKit (= 3.0.1)
  - notificare_inbox (3.0.0):
    - Flutter
    - Notificare/NotificareInboxKit (= 3.0.1)
    - Notificare/NotificareKit (= 3.0.1)
  - notificare_loyalty (3.0.0):
    - Flutter
    - Notificare/NotificareKit (= 3.0.1)
    - Notificare/NotificareLoyaltyKit (= 3.0.1)
  - notificare_push (3.0.0):
    - Flutter
    - Notificare/NotificareKit (= 3.0.1)
    - Notificare/NotificarePushKit (= 3.0.1)
  - notificare_push_ui (3.0.0):
    - Flutter
    - Notificare/NotificareKit (= 3.0.1)
    - Notificare/NotificarePushUIKit (= 3.0.1)
  - notificare_scannables (3.0.0):
    - Flutter
    - Notificare/NotificareKit (= 3.0.1)
    - Notificare/NotificareScannablesKit (= 3.0.1)
  - "permission_handler (5.1.0+2)":
    - Flutter

DEPENDENCIES:
  - Flutter (from `Flutter`)
  - notificare (from `.symlinks/plugins/notificare/ios`)
  - notificare_assets (from `.symlinks/plugins/notificare_assets/ios`)
  - notificare_authentication (from `.symlinks/plugins/notificare_authentication/ios`)
  - notificare_geo (from `.symlinks/plugins/notificare_geo/ios`)
  - notificare_inbox (from `.symlinks/plugins/notificare_inbox/ios`)
  - notificare_loyalty (from `.symlinks/plugins/notificare_loyalty/ios`)
  - notificare_push (from `.symlinks/plugins/notificare_push/ios`)
  - notificare_push_ui (from `.symlinks/plugins/notificare_push_ui/ios`)
  - notificare_scannables (from `.symlinks/plugins/notificare_scannables/ios`)
  - permission_handler (from `.symlinks/plugins/permission_handler/ios`)

SPEC REPOS:
  trunk:
    - Notificare

EXTERNAL SOURCES:
  Flutter:
    :path: Flutter
  notificare:
    :path: ".symlinks/plugins/notificare/ios"
  notificare_assets:
    :path: ".symlinks/plugins/notificare_assets/ios"
  notificare_authentication:
    :path: ".symlinks/plugins/notificare_authentication/ios"
  notificare_geo:
    :path: ".symlinks/plugins/notificare_geo/ios"
  notificare_inbox:
    :path: ".symlinks/plugins/notificare_inbox/ios"
  notificare_loyalty:
    :path: ".symlinks/plugins/notificare_loyalty/ios"
  notificare_push:
    :path: ".symlinks/plugins/notificare_push/ios"
  notificare_push_ui:
    :path: ".symlinks/plugins/notificare_push_ui/ios"
  notificare_scannables:
    :path: ".symlinks/plugins/notificare_scannables/ios"
  permission_handler:
    :path: ".symlinks/plugins/permission_handler/ios"

SPEC CHECKSUMS:
  Flutter: 50d75fe2f02b26cc09d224853bb45737f8b3214a
  Notificare: 4382ce442a0cb3fa847988b6207fec244eaea3a5
  notificare: 0807125f779a4a03b174e22677b401d0a1b129a1
  notificare_assets: dd159de3ffd921bd7cb477bdcc06cae08e24646a
  notificare_authentication: 570e77e3cce0446a9e7fd08d55ffee94c80d8488
  notificare_geo: 272e86c5ec37ab88d5feaa28249092a79baf2554
  notificare_inbox: 4907fad49f36a8b0d68a07ba2ff2dc83056ca330
  notificare_loyalty: e42597356d2ad4fe44ccf4fa18a1ce680af6f2af
  notificare_push: 31381fdfba88eb431747b9a27e8a2b3775f0bde2
  notificare_push_ui: 155178da761621c8b0d1a3bb81340470347e60ea
  notificare_scannables: d2deb7988403ace6542988463dd1f719a6939ac0
  permission_handler: ccb20a9fad0ee9b1314a52b70b76b473c5f8dab0

PODFILE CHECKSUM: a0b3d5ac4c99b314688ac5c052461b6a136db004

COCOAPODS: 1.11.3
