PODS:
  - Flutter (1.0.0)
  - Notificare/NotificareAssetsKit (3.4.0-beta.3)
  - Notificare/NotificareAuthenticationKit (3.4.0-beta.3)
  - Notificare/NotificareGeoKit (3.4.0-beta.3)
  - Notificare/NotificareInAppMessagingKit (3.4.0-beta.3)
  - Notificare/NotificareInboxKit (3.4.0-beta.3)
  - Notificare/NotificareKit (3.4.0-beta.3)
  - Notificare/NotificareLoyaltyKit (3.4.0-beta.3)
  - Notificare/NotificareMonetizeKit (3.4.0-beta.3)
  - Notificare/NotificarePushKit (3.4.0-beta.3)
  - Notificare/NotificarePushUIKit (3.4.0-beta.3)
  - Notificare/NotificareScannablesKit (3.4.0-beta.3)
  - notificare_assets (3.4.0-beta.2):
    - Flutter
    - Notificare/NotificareAssetsKit (= 3.4.0-beta.3)
    - Notificare/NotificareKit (= 3.4.0-beta.3)
  - notificare_authentication (3.4.0-beta.2):
    - Flutter
    - Notificare/NotificareAuthenticationKit (= 3.4.0-beta.3)
    - Notificare/NotificareKit (= 3.4.0-beta.3)
  - notificare_flutter (3.4.0-beta.2):
    - Flutter
    - Notificare/NotificareKit (= 3.4.0-beta.3)
  - notificare_geo (3.4.0-beta.2):
    - Flutter
    - Notificare/NotificareGeoKit (= 3.4.0-beta.3)
    - Notificare/NotificareKit (= 3.4.0-beta.3)
  - notificare_in_app_messaging (3.4.0-beta.2):
    - Flutter
    - Notificare/NotificareInAppMessagingKit (= 3.4.0-beta.3)
    - Notificare/NotificareKit (= 3.4.0-beta.3)
  - notificare_inbox (3.4.0-beta.2):
    - Flutter
    - Notificare/NotificareInboxKit (= 3.4.0-beta.3)
    - Notificare/NotificareKit (= 3.4.0-beta.3)
  - notificare_loyalty (3.4.0-beta.2):
    - Flutter
    - Notificare/NotificareKit (= 3.4.0-beta.3)
    - Notificare/NotificareLoyaltyKit (= 3.4.0-beta.3)
  - notificare_monetize (3.4.0-beta.2):
    - Flutter
    - Notificare/NotificareKit (= 3.4.0-beta.3)
    - Notificare/NotificareMonetizeKit (= 3.4.0-beta.3)
  - notificare_push (3.4.0-beta.2):
    - Flutter
    - Notificare/NotificareKit (= 3.4.0-beta.3)
    - Notificare/NotificarePushKit (= 3.4.0-beta.3)
  - notificare_push_ui (3.4.0-beta.2):
    - Flutter
    - Notificare/NotificareKit (= 3.4.0-beta.3)
    - Notificare/NotificarePushUIKit (= 3.4.0-beta.3)
  - notificare_scannables (3.4.0-beta.2):
    - Flutter
    - Notificare/NotificareKit (= 3.4.0-beta.3)
    - Notificare/NotificareScannablesKit (= 3.4.0-beta.3)
  - "permission_handler (5.1.0+2)":
    - Flutter

DEPENDENCIES:
  - Flutter (from `Flutter`)
  - notificare_assets (from `.symlinks/plugins/notificare_assets/ios`)
  - notificare_authentication (from `.symlinks/plugins/notificare_authentication/ios`)
  - notificare_flutter (from `.symlinks/plugins/notificare_flutter/ios`)
  - notificare_geo (from `.symlinks/plugins/notificare_geo/ios`)
  - notificare_in_app_messaging (from `.symlinks/plugins/notificare_in_app_messaging/ios`)
  - notificare_inbox (from `.symlinks/plugins/notificare_inbox/ios`)
  - notificare_loyalty (from `.symlinks/plugins/notificare_loyalty/ios`)
  - notificare_monetize (from `.symlinks/plugins/notificare_monetize/ios`)
  - notificare_push (from `.symlinks/plugins/notificare_push/ios`)
  - notificare_push_ui (from `.symlinks/plugins/notificare_push_ui/ios`)
  - notificare_scannables (from `.symlinks/plugins/notificare_scannables/ios`)
  - permission_handler (from `.symlinks/plugins/permission_handler/ios`)

SPEC REPOS:
  trunk:
    - Notificare

EXTERNAL SOURCES:
  Flutter:
    :path: Flutter
  notificare_assets:
    :path: ".symlinks/plugins/notificare_assets/ios"
  notificare_authentication:
    :path: ".symlinks/plugins/notificare_authentication/ios"
  notificare_flutter:
    :path: ".symlinks/plugins/notificare_flutter/ios"
  notificare_geo:
    :path: ".symlinks/plugins/notificare_geo/ios"
  notificare_in_app_messaging:
    :path: ".symlinks/plugins/notificare_in_app_messaging/ios"
  notificare_inbox:
    :path: ".symlinks/plugins/notificare_inbox/ios"
  notificare_loyalty:
    :path: ".symlinks/plugins/notificare_loyalty/ios"
  notificare_monetize:
    :path: ".symlinks/plugins/notificare_monetize/ios"
  notificare_push:
    :path: ".symlinks/plugins/notificare_push/ios"
  notificare_push_ui:
    :path: ".symlinks/plugins/notificare_push_ui/ios"
  notificare_scannables:
    :path: ".symlinks/plugins/notificare_scannables/ios"
  permission_handler:
    :path: ".symlinks/plugins/permission_handler/ios"

SPEC CHECKSUMS:
  Flutter: f04841e97a9d0b0a8025694d0796dd46242b2854
  Notificare: a69677b0a35134194e3951a0c51bfe8280b6710d
  notificare_assets: d5f02cf8e37d34e2147dc3a0fb436066239c9fb7
  notificare_authentication: e55236162d3ee2ad5c346512982ed2efecc88fdf
  notificare_flutter: 4d19d6a19d7785ef3d646e84354689315744c4cd
  notificare_geo: 27ae84d83732350725c3e9194bc949aa453e4c3f
  notificare_in_app_messaging: 6c16b1e1536f00f6696352a27bd1b958d8762b13
  notificare_inbox: ee1d2d802b35fe794de31b25ae7e430333b800e2
  notificare_loyalty: 72546d0aa04f15ae10befc2b5d206d74d705bdb4
  notificare_monetize: 9241924d93fe727a2fba5132583cd97a8989835f
  notificare_push: 247f333290f452efb0507396a60beacfe1cc0def
  notificare_push_ui: c094904d5fc773223e9528976a250d1ccbdb4673
  notificare_scannables: 271a8b8a671a13192f12cd75ff3c3046968a0a35
  permission_handler: ccb20a9fad0ee9b1314a52b70b76b473c5f8dab0

PODFILE CHECKSUM: fda2901ee98992655f2b15c6264fc73cd0874c46

COCOAPODS: 1.11.3
