PODS:
  - Auth0 (2.7.2):
    - JWTDecode (~> 3.1)
    - SimpleKeychain (~> 1.1)
  - auth0_flutter (1.7.2):
    - Auth0 (= 2.7.2)
    - Flutter
    - FlutterMacOS
    - JWTDecode (= 3.1.0)
    - SimpleKeychain (= 1.1.0)
  - Flutter (1.0.0)
  - JWTDecode (3.1.0)
  - Notificare/NotificareKit (4.2.0):
    - Notificare/NotificareUtilitiesKit
  - Notificare/NotificareNotificationServiceExtensionKit (4.2.0)
  - Notificare/NotificarePushKit (4.2.0):
    - Notificare/NotificareUtilitiesKit
  - Notificare/NotificarePushUIKit (4.2.0):
    - Notificare/NotificareUtilitiesKit
  - Notificare/NotificareUserInboxKit (4.2.0):
    - Notificare/NotificareUtilitiesKit
  - Notificare/NotificareUtilitiesKit (4.2.0)
  - notificare_flutter (4.1.0):
    - Flutter
    - Notificare/NotificareKit (= 4.2.0)
  - notificare_push (4.1.0):
    - Flutter
    - Notificare/NotificareKit (= 4.2.0)
    - Notificare/NotificarePushKit (= 4.2.0)
  - notificare_push_ui (4.1.0):
    - Flutter
    - Notificare/NotificareKit (= 4.2.0)
    - Notificare/NotificarePushUIKit (= 4.2.0)
  - notificare_user_inbox (4.1.0):
    - Flutter
    - Notificare/NotificareKit (= 4.2.0)
    - Notificare/NotificareUserInboxKit (= 4.2.0)
  - permission_handler_apple (9.3.0):
    - Flutter
  - SimpleKeychain (1.1.0)

DEPENDENCIES:
  - auth0_flutter (from `.symlinks/plugins/auth0_flutter/darwin`)
  - Flutter (from `Flutter`)
  - Notificare/NotificareNotificationServiceExtensionKit (= 4.2.0)
  - notificare_flutter (from `.symlinks/plugins/notificare_flutter/ios`)
  - notificare_push (from `.symlinks/plugins/notificare_push/ios`)
  - notificare_push_ui (from `.symlinks/plugins/notificare_push_ui/ios`)
  - notificare_user_inbox (from `.symlinks/plugins/notificare_user_inbox/ios`)
  - permission_handler_apple (from `.symlinks/plugins/permission_handler_apple/ios`)

SPEC REPOS:
  trunk:
    - Auth0
    - JWTDecode
    - Notificare
    - SimpleKeychain

EXTERNAL SOURCES:
  auth0_flutter:
    :path: ".symlinks/plugins/auth0_flutter/darwin"
  Flutter:
    :path: Flutter
  notificare_flutter:
    :path: ".symlinks/plugins/notificare_flutter/ios"
  notificare_push:
    :path: ".symlinks/plugins/notificare_push/ios"
  notificare_push_ui:
    :path: ".symlinks/plugins/notificare_push_ui/ios"
  notificare_user_inbox:
    :path: ".symlinks/plugins/notificare_user_inbox/ios"
  permission_handler_apple:
    :path: ".symlinks/plugins/permission_handler_apple/ios"

SPEC CHECKSUMS:
  Auth0: 28cb24cb19ebd51f0b07751f16d83b59f4019532
  auth0_flutter: 7b99a56cc3aef5ca4e0a2a6f1f4e6c4e105dcc2d
  Flutter: e0871f40cf51350855a761d2e70bf5af5b9b5de7
  JWTDecode: 3eaab1e06b6f4dcbdd6716aff09ba4c2104ca8b7
  Notificare: f6858eddf2ec74f4dafd2e13101fa302f7908a28
  notificare_flutter: 18e9b560262a1be2a57ccb1dd101c61116de569f
  notificare_push: 5f27ee331629ceb64b8ac97626c02a01172b8edd
  notificare_push_ui: f9491ed550c977436d6b3c3c73ab6de1f2369c2a
  notificare_user_inbox: eca2c360a5c99bacd289c3715579618ceb5a4209
  permission_handler_apple: 4ed2196e43d0651e8ff7ca3483a069d469701f2d
  SimpleKeychain: f8707c8e97b38c6a6e687b17732afc9bcef06439

PODFILE CHECKSUM: 33bd39c993ff4394b1d5e2608691f96dc4e5f393

COCOAPODS: 1.16.2
